{
  "name": "Contentful2Hugo",
  "version": "1.0.0",
  "lockfileVersion": 1,
  "requires": true,
  "dependencies": {
    "axios": {
      "version": "https://github.com/contentful/axios/archive/fix/https-via-http-proxy.tar.gz",
      "integrity": "sha1-04pfGLo5VFKGdP3q7bWP5GgK9kA=",
      "requires": {
        "follow-redirects": "1.2.5",
        "is-buffer": "1.1.6"
      }
    },
    "contentful": {
      "version": "5.0.3",
      "resolved": "http://vm21.camunda.loc:8080/nexus/content/groups/npm-public/contentful/-/contentful-5.0.3.tgz",
      "integrity": "sha512-/YaAj+jm/SLYMiKcjtA6X308FG2tNYUtWlo5iPA+cu3jGrUC12fgi0Ej1Ko1P6BAO/KlIDuAng6GNAee50cV2A==",
      "requires": {
        "axios": "https://github.com/contentful/axios/archive/fix/https-via-http-proxy.tar.gz",
        "contentful-sdk-core": "5.0.1",
        "json-stringify-safe": "5.0.1",
        "lodash": "4.17.4"
      }
    },
    "contentful-sdk-core": {
      "version": "5.0.1",
      "resolved": "http://vm21.camunda.loc:8080/nexus/content/groups/npm-public/contentful-sdk-core/-/contentful-sdk-core-5.0.1.tgz",
      "integrity": "sha512-9nQJLKfv3PTvYj682cLFbaDeUvdGofP7xhz3teBek9JsyqbDcu2OXjIaaGYUiGxN2qufNn2heA1lwqhzPUzcGg==",
      "requires": {
        "lodash": "4.17.4",
        "qs": "6.5.1"
      }
    },
    "debug": {
      "version": "2.6.9",
      "resolved": "http://vm21.camunda.loc:8080/nexus/content/groups/npm-public/debug/-/debug-2.6.9.tgz",
      "integrity": "sha512-bC7ElrdJaJnPbAP+1EotYvqZsb3ecl5wi6Bfi6BJTUcNowp6cvspg0jXznRTKDjm/E7AdgFBVeAPVMNcKGsHMA==",
      "requires": {
        "ms": "2.0.0"
      }
    },
    "follow-redirects": {
      "version": "1.2.5",
      "resolved": "http://vm21.camunda.loc:8080/nexus/content/groups/npm-public/follow-redirects/-/follow-redirects-1.2.5.tgz",
      "integrity": "sha512-lMhwQTryFbG+wYsAIEKC1Kf5IGDlVNnONRogIBllh7LLoV7pNIxW0z9fhjRar9NBql+hd2Y49KboVVNxf6GEfg==",
      "requires": {
        "debug": "2.6.9"
      }
    },
    "is-buffer": {
      "version": "1.1.6",
      "resolved": "http://vm21.camunda.loc:8080/nexus/content/groups/npm-public/is-buffer/-/is-buffer-1.1.6.tgz",
      "integrity": "sha512-NcdALwpXkTm5Zvvbk7owOUSvVvBKDgKP5/ewfXEznmQFfs4ZRmanOeKBTjRVjka3QFoN6XJ+9F3USqfHqTaU5w=="
    },
    "json-stringify-safe": {
      "version": "5.0.1",
      "resolved": "http://vm21.camunda.loc:8080/nexus/content/groups/npm-public/json-stringify-safe/-/json-stringify-safe-5.0.1.tgz",
      "integrity": "sha1-Epai1Y/UXxmg9s4B1lcB4sc1tus="
    },
    "lodash": {
      "version": "4.17.4",
      "resolved": "http://vm21.camunda.loc:8080/nexus/content/groups/npm-public/lodash/-/lodash-4.17.4.tgz",
      "integrity": "sha1-eCA6TRwyiuHYbcpkYONptX9AVa4="
    },
    "ms": {
      "version": "2.0.0",
      "resolved": "http://vm21.camunda.loc:8080/nexus/content/groups/npm-public/ms/-/ms-2.0.0.tgz",
      "integrity": "sha1-VgiurfwAvmwpAd9fmGF4jeDVl8g="
    },
    "qs": {
      "version": "6.5.1",
      "resolved": "http://vm21.camunda.loc:8080/nexus/content/groups/npm-public/qs/-/qs-6.5.1.tgz",
      "integrity": "sha512-eRzhrN1WSINYCDCbrz796z37LOe3m5tmW7RQf6oBntukAG1nmovJvhnwHHRMAfeoItc1m2Hk02WER2aQ/iqs+A=="
    },
    "slugg": {
      "version": "1.2.1",
      "resolved": "http://vm21.camunda.loc:8080/nexus/content/groups/npm-public/slugg/-/slugg-1.2.1.tgz",
      "integrity": "sha1-51KvIkGvPycURjxd4iXOpHYIdAo="
    }
  }
}
